
Microsoft Visual Studio Solution File, Format Version 12.00
# Visual Studio Version 17
VisualStudioVersion = 17.6.33712.159
MinimumVisualStudioVersion = 10.0.40219.1
Project("{9A19103F-16F7-4668-BE54-9A1E7A4F7556}") = "SignalR.Demo", "SignalR.Demo.API\SignalR.Demo.csproj", "{785DD450-BABA-4955-A18E-5C3B80001895}"
EndProject
Project("{9A19103F-16F7-4668-BE54-9A1E7A4F7556}") = "SignalR.Demo.Application", "SignalR.Demo.Application\SignalR.Demo.Application.csproj", "{3B9D9D86-3B60-49EF-AA23-6AC696A80C02}"
EndProject
Project("{9A19103F-16F7-4668-BE54-9A1E7A4F7556}") = "SignalR.Demo.Domain", "SignalR.Demo.Domain\SignalR.Demo.Domain.csproj", "{6FBE3CE5-95DE-43A9-8B59-2305FBDE8020}"
EndProject
Project("{9A19103F-16F7-4668-BE54-9A1E7A4F7556}") = "SignalR.Demo.EF", "SignalR.Demo.EF\SignalR.Demo.EF.csproj", "{8CFD8CB1-CB3B-4881-8854-492F858B51CE}"
EndProject
Global
	GlobalSection(SolutionConfigurationPlatforms) = preSolution
		Debug|Any CPU = Debug|Any CPU
		Release|Any CPU = Release|Any CPU
	EndGlobalSection
	GlobalSection(ProjectConfigurationPlatforms) = postSolution
		{785DD450-BABA-4955-A18E-5C3B80001895}.Debug|Any CPU.ActiveCfg = Debug|Any CPU
		{785DD450-BABA-4955-A18E-5C3B80001895}.Debug|Any CPU.Build.0 = Debug|Any CPU
		{785DD450-BABA-4955-A18E-5C3B80001895}.Release|Any CPU.ActiveCfg = Release|Any CPU
		{785DD450-BABA-4955-A18E-5C3B80001895}.Release|Any CPU.Build.0 = Release|Any CPU
		{3B9D9D86-3B60-49EF-AA23-6AC696A80C02}.Debug|Any CPU.ActiveCfg = Debug|Any CPU
		{3B9D9D86-3B60-49EF-AA23-6AC696A80C02}.Debug|Any CPU.Build.0 = Debug|Any CPU
		{3B9D9D86-3B60-49EF-AA23-6AC696A80C02}.Release|Any CPU.ActiveCfg = Release|Any CPU
		{3B9D9D86-3B60-49EF-AA23-6AC696A80C02}.Release|Any CPU.Build.0 = Release|Any CPU
		{6FBE3CE5-95DE-43A9-8B59-2305FBDE8020}.Debug|Any CPU.ActiveCfg = Debug|Any CPU
		{6FBE3CE5-95DE-43A9-8B59-2305FBDE8020}.Debug|Any CPU.Build.0 = Debug|Any CPU
		{6FBE3CE5-95DE-43A9-8B59-2305FBDE8020}.Release|Any CPU.ActiveCfg = Release|Any CPU
		{6FBE3CE5-95DE-43A9-8B59-2305FBDE8020}.Release|Any CPU.Build.0 = Release|Any CPU
		{8CFD8CB1-CB3B-4881-8854-492F858B51CE}.Debug|Any CPU.ActiveCfg = Debug|Any CPU
		{8CFD8CB1-CB3B-4881-8854-492F858B51CE}.Debug|Any CPU.Build.0 = Debug|Any CPU
		{8CFD8CB1-CB3B-4881-8854-492F858B51CE}.Release|Any CPU.ActiveCfg = Release|Any CPU
		{8CFD8CB1-CB3B-4881-8854-492F858B51CE}.Release|Any CPU.Build.0 = Release|Any CPU
	EndGlobalSection
	GlobalSection(SolutionProperties) = preSolution
		HideSolutionNode = FALSE
	EndGlobalSection
	GlobalSection(ExtensibilityGlobals) = postSolution
		SolutionGuid = {A31ABAA1-1D1D-42C5-91E0-F8543D5EA4F5}
	EndGlobalSection
EndGlobal
